{
  "name": "packages",
  "version": "1.0.0",
  "lockfileVersion": 2,
  "requires": true,
  "packages": {
    "": {
      "name": "packages",
      "version": "1.0.0",
      "license": "ISC",
      "dependencies": {
        "@c-tuck/test-package-1": "^1.0.0",
        "@c-tuck/test-package-2": "^1.0.0"
      }
    },
    "node_modules/@c-tuck/test-package-1": {
      "version": "1.0.0",
      "resolved": "https://npm.pkg.github.com/download/@c-tuck/test-package-1/1.0.0/a644ab460c6ef8bf602e4a721cdba0c72d86e288c972e0d31cea0bf08497c0e7",
      "integrity": "sha512-OFwBkq1HPy43ZqsNc24levhsFAMLj3lpJHdRhKTHCXQX3Yi/lPrwvVBj+6oTLKX+Hq9jMzBmx5QsC25QmeeKPA==",
      "license": "ISC"
    },
    "node_modules/@c-tuck/test-package-2": {
      "version": "1.0.0",
      "resolved": "https://npm.pkg.github.com/download/@c-tuck/test-package-2/1.0.0/86011673f1cb36184059b3b02b163787fe21d8e277d077e7a2489c9c230a4fa6",
      "integrity": "sha512-Muo14e2VW7K9dmAdyyGcw6HuDnL45FdVntnpeKhehPLviLF3Fu4090Rps53vhEXR9YnUFZU2Ozk1owzNvsrEbA==",
      "license": "ISC"
    }
  },
  "dependencies": {
    "@c-tuck/test-package-1": {
      "version": "1.0.0",
      "resolved": "https://npm.pkg.github.com/download/@c-tuck/test-package-1/1.0.0/a644ab460c6ef8bf602e4a721cdba0c72d86e288c972e0d31cea0bf08497c0e7",
      "integrity": "sha512-OFwBkq1HPy43ZqsNc24levhsFAMLj3lpJHdRhKTHCXQX3Yi/lPrwvVBj+6oTLKX+Hq9jMzBmx5QsC25QmeeKPA=="
    },
    "@c-tuck/test-package-2": {
      "version": "1.0.0",
      "resolved": "https://npm.pkg.github.com/download/@c-tuck/test-package-2/1.0.0/86011673f1cb36184059b3b02b163787fe21d8e277d077e7a2489c9c230a4fa6",
      "integrity": "sha512-Muo14e2VW7K9dmAdyyGcw6HuDnL45FdVntnpeKhehPLviLF3Fu4090Rps53vhEXR9YnUFZU2Ozk1owzNvsrEbA=="
    }
  }
}
